
Microsoft Visual Studio Solution File, Format Version 12.00
# Visual Studio 15
VisualStudioVersion = 15.0.28307.136
MinimumVisualStudioVersion = 10.0.40219.1
Project("{FAE04EC0-301F-11D3-BF4B-00C04F79EFBC}") = "bbu.Web", "bbu.Web\bbu.Web.csproj", "{957FE071-BB57-47A8-96FE-E8DAF2139CF7}"
EndProject
Global
	GlobalSection(SolutionConfigurationPlatforms) = preSolution
		Debug|Any CPU = Debug|Any CPU
		Release|Any CPU = Release|Any CPU
	EndGlobalSection
	GlobalSection(ProjectConfigurationPlatforms) = postSolution
		{957FE071-BB57-47A8-96FE-E8DAF2139CF7}.Debug|Any CPU.ActiveCfg = Debug|Any CPU
		{957FE071-BB57-47A8-96FE-E8DAF2139CF7}.Debug|Any CPU.Build.0 = Debug|Any CPU
		{957FE071-BB57-47A8-96FE-E8DAF2139CF7}.Release|Any CPU.ActiveCfg = Release|Any CPU
		{957FE071-BB57-47A8-96FE-E8DAF2139CF7}.Release|Any CPU.Build.0 = Release|Any CPU
	EndGlobalSection
	GlobalSection(SolutionProperties) = preSolution
		HideSolutionNode = FALSE
	EndGlobalSection
	GlobalSection(ExtensibilityGlobals) = postSolution
		SolutionGuid = {153934CD-B621-42D8-AA8B-6245BAEEBE05}
	EndGlobalSection
EndGlobal
